
Microsoft Visual Studio Solution File, Format Version 12.00
# Visual Studio 15
Project("{FAE04EC0-301F-11D3-BF4B-00C04F79EFBC}") = "Zombie Survival Kit.Plugins", "Zombie Survival Kit.Plugins.csproj", "{0DEEE52D-DCB6-94F9-E993-9EB0A6234152}"
EndProject
Project("{FAE04EC0-301F-11D3-BF4B-00C04F79EFBC}") = "Zombie Survival Kit.Editor.Plugins", "Zombie Survival Kit.Editor.Plugins.csproj", "{9C99431E-3511-A0CD-B6E9-67E2567A5C59}"
EndProject
Global
	GlobalSection(SolutionConfigurationPlatforms) = preSolution
		Debug|Any CPU = Debug|Any CPU
		Release|Any CPU = Release|Any CPU
	EndGlobalSection
	GlobalSection(ProjectConfigurationPlatforms) = postSolution
		{0DEEE52D-DCB6-94F9-E993-9EB0A6234152}.Debug|Any CPU.ActiveCfg = Debug|Any CPU
		{0DEEE52D-DCB6-94F9-E993-9EB0A6234152}.Debug|Any CPU.Build.0 = Debug|Any CPU
		{0DEEE52D-DCB6-94F9-E993-9EB0A6234152}.Release|Any CPU.ActiveCfg = Release|Any CPU
		{0DEEE52D-DCB6-94F9-E993-9EB0A6234152}.Release|Any CPU.Build.0 = Release|Any CPU
		{9C99431E-3511-A0CD-B6E9-67E2567A5C59}.Debug|Any CPU.ActiveCfg = Debug|Any CPU
		{9C99431E-3511-A0CD-B6E9-67E2567A5C59}.Debug|Any CPU.Build.0 = Debug|Any CPU
		{9C99431E-3511-A0CD-B6E9-67E2567A5C59}.Release|Any CPU.ActiveCfg = Release|Any CPU
		{9C99431E-3511-A0CD-B6E9-67E2567A5C59}.Release|Any CPU.Build.0 = Release|Any CPU
	EndGlobalSection
	GlobalSection(SolutionProperties) = preSolution
		HideSolutionNode = FALSE
	EndGlobalSection
EndGlobal
